
Microsoft Visual Studio Solution File, Format Version 12.00
# Visual Studio Version 17
VisualStudioVersion = 17.4.33213.308
MinimumVisualStudioVersion = 10.0.40219.1
Project("{FAE04EC0-301F-11D3-BF4B-00C04F79EFBC}") = "ConsoleApp3", "ConsoleApp3\ConsoleApp3.csproj", "{3743914C-85F7-4056-82EB-5641A804F678}"
EndProject
Global
	GlobalSection(SolutionConfigurationPlatforms) = preSolution
		Debug|Any CPU = Debug|Any CPU
		Release|Any CPU = Release|Any CPU
	EndGlobalSection
	GlobalSection(ProjectConfigurationPlatforms) = postSolution
		{3743914C-85F7-4056-82EB-5641A804F678}.Debug|Any CPU.ActiveCfg = Debug|Any CPU
		{3743914C-85F7-4056-82EB-5641A804F678}.Debug|Any CPU.Build.0 = Debug|Any CPU
		{3743914C-85F7-4056-82EB-5641A804F678}.Release|Any CPU.ActiveCfg = Release|Any CPU
		{3743914C-85F7-4056-82EB-5641A804F678}.Release|Any CPU.Build.0 = Release|Any CPU
	EndGlobalSection
	GlobalSection(SolutionProperties) = preSolution
		HideSolutionNode = FALSE
	EndGlobalSection
	GlobalSection(ExtensibilityGlobals) = postSolution
		SolutionGuid = {46346959-5A50-426E-B5DB-29CDDD25B637}
	EndGlobalSection
EndGlobal
